
Microsoft Visual Studio Solution File, Format Version 12.00
# Visual Studio 2013
VisualStudioVersion = 12.0.31101.0
MinimumVisualStudioVersion = 10.0.40219.1
Project("{FAE04EC0-301F-11D3-BF4B-00C04F79EFBC}") = "SysArch.Application", "SysArch.Application\SysArch.Application.csproj", "{8CED9CB2-DDCE-428A-814A-D112A5096DEF}"
EndProject
Project("{FAE04EC0-301F-11D3-BF4B-00C04F79EFBC}") = "SysArch.Core", "SysArch.Core\SysArch.Core.csproj", "{8231826B-C2B7-4D1A-B223-056D1CFAB3E4}"
EndProject
Project("{2150E333-8FDC-42A3-9474-1A3956D46DE8}") = ".nuget", ".nuget", "{DDEABC0E-5B7B-4ED0-8DA3-18227BF73845}"
	ProjectSection(SolutionItems) = preProject
		.nuget\NuGet.Config = .nuget\NuGet.Config
		.nuget\NuGet.exe = .nuget\NuGet.exe
		.nuget\NuGet.targets = .nuget\NuGet.targets
	EndProjectSection
EndProject
Project("{FAE04EC0-301F-11D3-BF4B-00C04F79EFBC}") = "SysArch.WinService", "SysArch.WinService\SysArch.WinService.csproj", "{33746055-41A6-46E5-9767-7A9AF1BB568D}"
EndProject
Project("{FAE04EC0-301F-11D3-BF4B-00C04F79EFBC}") = "SysArch.Domain", "SysArch.Domain\SysArch.Domain.csproj", "{C7B18102-469E-4435-BC88-062EA7990306}"
EndProject
Project("{FAE04EC0-301F-11D3-BF4B-00C04F79EFBC}") = "SysArch.Views", "SysArch.Views\SysArch.Views.csproj", "{FDB21BCC-3ACD-40DA-A92C-491B19B206F8}"
EndProject
Project("{FAE04EC0-301F-11D3-BF4B-00C04F79EFBC}") = "SysArch.Core.Tests", "SysArch.Core.Tests\SysArch.Core.Tests.csproj", "{FFC75BF5-77FE-4F33-AA2F-7DDFD7A7B5B5}"
EndProject
Project("{FAE04EC0-301F-11D3-BF4B-00C04F79EFBC}") = "SysArch.Domain.Tests", "SysArch.Domain.Tests\SysArch.Domain.Tests.csproj", "{BCF32959-E3AC-4B95-BCA8-0BB9016F4CE9}"
EndProject
Global
	GlobalSection(SolutionConfigurationPlatforms) = preSolution
		Debug|Any CPU = Debug|Any CPU
		Release|Any CPU = Release|Any CPU
	EndGlobalSection
	GlobalSection(ProjectConfigurationPlatforms) = postSolution
		{8CED9CB2-DDCE-428A-814A-D112A5096DEF}.Debug|Any CPU.ActiveCfg = Debug|Any CPU
		{8CED9CB2-DDCE-428A-814A-D112A5096DEF}.Debug|Any CPU.Build.0 = Debug|Any CPU
		{8CED9CB2-DDCE-428A-814A-D112A5096DEF}.Release|Any CPU.ActiveCfg = Release|Any CPU
		{8CED9CB2-DDCE-428A-814A-D112A5096DEF}.Release|Any CPU.Build.0 = Release|Any CPU
		{8231826B-C2B7-4D1A-B223-056D1CFAB3E4}.Debug|Any CPU.ActiveCfg = Debug|Any CPU
		{8231826B-C2B7-4D1A-B223-056D1CFAB3E4}.Debug|Any CPU.Build.0 = Debug|Any CPU
		{8231826B-C2B7-4D1A-B223-056D1CFAB3E4}.Release|Any CPU.ActiveCfg = Release|Any CPU
		{8231826B-C2B7-4D1A-B223-056D1CFAB3E4}.Release|Any CPU.Build.0 = Release|Any CPU
		{33746055-41A6-46E5-9767-7A9AF1BB568D}.Debug|Any CPU.ActiveCfg = Debug|Any CPU
		{33746055-41A6-46E5-9767-7A9AF1BB568D}.Debug|Any CPU.Build.0 = Debug|Any CPU
		{33746055-41A6-46E5-9767-7A9AF1BB568D}.Release|Any CPU.ActiveCfg = Release|Any CPU
		{33746055-41A6-46E5-9767-7A9AF1BB568D}.Release|Any CPU.Build.0 = Release|Any CPU
		{C7B18102-469E-4435-BC88-062EA7990306}.Debug|Any CPU.ActiveCfg = Debug|Any CPU
		{C7B18102-469E-4435-BC88-062EA7990306}.Debug|Any CPU.Build.0 = Debug|Any CPU
		{C7B18102-469E-4435-BC88-062EA7990306}.Release|Any CPU.ActiveCfg = Release|Any CPU
		{C7B18102-469E-4435-BC88-062EA7990306}.Release|Any CPU.Build.0 = Release|Any CPU
		{FDB21BCC-3ACD-40DA-A92C-491B19B206F8}.Debug|Any CPU.ActiveCfg = Debug|Any CPU
		{FDB21BCC-3ACD-40DA-A92C-491B19B206F8}.Debug|Any CPU.Build.0 = Debug|Any CPU
		{FDB21BCC-3ACD-40DA-A92C-491B19B206F8}.Release|Any CPU.ActiveCfg = Release|Any CPU
		{FDB21BCC-3ACD-40DA-A92C-491B19B206F8}.Release|Any CPU.Build.0 = Release|Any CPU
		{FFC75BF5-77FE-4F33-AA2F-7DDFD7A7B5B5}.Debug|Any CPU.ActiveCfg = Debug|Any CPU
		{FFC75BF5-77FE-4F33-AA2F-7DDFD7A7B5B5}.Debug|Any CPU.Build.0 = Debug|Any CPU
		{FFC75BF5-77FE-4F33-AA2F-7DDFD7A7B5B5}.Release|Any CPU.ActiveCfg = Release|Any CPU
		{FFC75BF5-77FE-4F33-AA2F-7DDFD7A7B5B5}.Release|Any CPU.Build.0 = Release|Any CPU
		{BCF32959-E3AC-4B95-BCA8-0BB9016F4CE9}.Debug|Any CPU.ActiveCfg = Debug|Any CPU
		{BCF32959-E3AC-4B95-BCA8-0BB9016F4CE9}.Debug|Any CPU.Build.0 = Debug|Any CPU
		{BCF32959-E3AC-4B95-BCA8-0BB9016F4CE9}.Release|Any CPU.ActiveCfg = Release|Any CPU
		{BCF32959-E3AC-4B95-BCA8-0BB9016F4CE9}.Release|Any CPU.Build.0 = Release|Any CPU
	EndGlobalSection
	GlobalSection(SolutionProperties) = preSolution
		HideSolutionNode = FALSE
	EndGlobalSection
EndGlobal
